// !$*UTF8*$!
{
	archiveVersion = 1;
	classes = {
	};
	objectVersion = 46;
	objects = {

/* Begin PBXBuildFile section */
		C482F51F190E16DB00C206CB /* Foundation.framework in Frameworks */ = {isa = PBXBuildFile; fileRef = C482F51E190E16DB00C206CB /* Foundation.framework */; };
		C482F521190E16DB00C206CB /* CoreGraphics.framework in Frameworks */ = {isa = PBXBuildFile; fileRef = C482F520190E16DB00C206CB /* CoreGraphics.framework */; };
		C482F523190E16DB00C206CB /* UIKit.framework in Frameworks */ = {isa = PBXBuildFile; fileRef = C482F522190E16DB00C206CB /* UIKit.framework */; };
		C482F525190E16DB00C206CB /* CoreData.framework in Frameworks */ = {isa = PBXBuildFile; fileRef = C482F524190E16DB00C206CB /* CoreData.framework */; };
		C482F52B190E16DB00C206CB /* InfoPlist.strings in Resources */ = {isa = PBXBuildFile; fileRef = C482F529190E16DB00C206CB /* InfoPlist.strings */; };
		C482F52D190E16DB00C206CB /* main.m in Sources */ = {isa = PBXBuildFile; fileRef = C482F52C190E16DB00C206CB /* main.m */; };
		C482F531190E16DB00C206CB /* DSAppDelegate.m in Sources */ = {isa = PBXBuildFile; fileRef = C482F530190E16DB00C206CB /* DSAppDelegate.m */; };
		C482F534190E16DB00C206CB /* Main.storyboard in Resources */ = {isa = PBXBuildFile; fileRef = C482F532190E16DB00C206CB /* Main.storyboard */; };
		C482F537190E16DB00C206CB /* InMemoryStoreTest.xcdatamodeld in Sources */ = {isa = PBXBuildFile; fileRef = C482F535190E16DB00C206CB /* InMemoryStoreTest.xcdatamodeld */; };
		C482F53A190E16DB00C206CB /* DSMasterViewController.m in Sources */ = {isa = PBXBuildFile; fileRef = C482F539190E16DB00C206CB /* DSMasterViewController.m */; };
		C482F53D190E16DB00C206CB /* DSDetailViewController.m in Sources */ = {isa = PBXBuildFile; fileRef = C482F53C190E16DB00C206CB /* DSDetailViewController.m */; };
		C482F53F190E16DB00C206CB /* Images.xcassets in Resources */ = {isa = PBXBuildFile; fileRef = C482F53E190E16DB00C206CB /* Images.xcassets */; };
		C482F546190E16DB00C206CB /* XCTest.framework in Frameworks */ = {isa = PBXBuildFile; fileRef = C482F545190E16DB00C206CB /* XCTest.framework */; };
		C482F547190E16DB00C206CB /* Foundation.framework in Frameworks */ = {isa = PBXBuildFile; fileRef = C482F51E190E16DB00C206CB /* Foundation.framework */; };
		C482F548190E16DB00C206CB /* UIKit.framework in Frameworks */ = {isa = PBXBuildFile; fileRef = C482F522190E16DB00C206CB /* UIKit.framework */; };
		C482F549190E16DB00C206CB /* CoreData.framework in Frameworks */ = {isa = PBXBuildFile; fileRef = C482F524190E16DB00C206CB /* CoreData.framework */; };
		C482F551190E16DB00C206CB /* InfoPlist.strings in Resources */ = {isa = PBXBuildFile; fileRef = C482F54F190E16DB00C206CB /* InfoPlist.strings */; };
		C482F553190E16DB00C206CB /* InMemoryStoreTestTests.m in Sources */ = {isa = PBXBuildFile; fileRef = C482F552190E16DB00C206CB /* InMemoryStoreTestTests.m */; };
/* End PBXBuildFile section */

/* Begin PBXContainerItemProxy section */
		C482F54A190E16DB00C206CB /* PBXContainerItemProxy */ = {
			isa = PBXContainerItemProxy;
			containerPortal = C482F513190E16DB00C206CB /* Project object */;
			proxyType = 1;
			remoteGlobalIDString = C482F51A190E16DB00C206CB;
			remoteInfo = InMemoryStoreTest;
		};
/* End PBXContainerItemProxy section */

/* Begin PBXFileReference section */
		C482F51B190E16DB00C206CB /* InMemoryStoreTest.app */ = {isa = PBXFileReference; explicitFileType = wrapper.application; includeInIndex = 0; path = InMemoryStoreTest.app; sourceTree = BUILT_PRODUCTS_DIR; };
		C482F51E190E16DB00C206CB /* Foundation.framework */ = {isa = PBXFileReference; lastKnownFileType = wrapper.framework; name = Foundation.framework; path = System/Library/Frameworks/Foundation.framework; sourceTree = SDKROOT; };
		C482F520190E16DB00C206CB /* CoreGraphics.framework */ = {isa = PBXFileReference; lastKnownFileType = wrapper.framework; name = CoreGraphics.framework; path = System/Library/Frameworks/CoreGraphics.framework; sourceTree = SDKROOT; };
		C482F522190E16DB00C206CB /* UIKit.framework */ = {isa = PBXFileReference; lastKnownFileType = wrapper.framework; name = UIKit.framework; path = System/Library/Frameworks/UIKit.framework; sourceTree = SDKROOT; };
		C482F524190E16DB00C206CB /* CoreData.framework */ = {isa = PBXFileReference; lastKnownFileType = wrapper.framework; name = CoreData.framework; path = System/Library/Frameworks/CoreData.framework; sourceTree = SDKROOT; };
		C482F528190E16DB00C206CB /* InMemoryStoreTest-Info.plist */ = {isa = PBXFileReference; lastKnownFileType = text.plist.xml; path = "InMemoryStoreTest-Info.plist"; sourceTree = "<group>"; };
		C482F52A190E16DB00C206CB /* en */ = {isa = PBXFileReference; lastKnownFileType = text.plist.strings; name = en; path = en.lproj/InfoPlist.strings; sourceTree = "<group>"; };
		C482F52C190E16DB00C206CB /* main.m */ = {isa = PBXFileReference; lastKnownFileType = sourcecode.c.objc; path = main.m; sourceTree = "<group>"; };
		C482F52E190E16DB00C206CB /* InMemoryStoreTest-Prefix.pch */ = {isa = PBXFileReference; lastKnownFileType = sourcecode.c.h; path = "InMemoryStoreTest-Prefix.pch"; sourceTree = "<group>"; };
		C482F52F190E16DB00C206CB /* DSAppDelegate.h */ = {isa = PBXFileReference; lastKnownFileType = sourcecode.c.h; path = DSAppDelegate.h; sourceTree = "<group>"; };
		C482F530190E16DB00C206CB /* DSAppDelegate.m */ = {isa = PBXFileReference; lastKnownFileType = sourcecode.c.objc; path = DSAppDelegate.m; sourceTree = "<group>"; };
		C482F533190E16DB00C206CB /* Base */ = {isa = PBXFileReference; lastKnownFileType = file.storyboard; name = Base; path = Base.lproj/Main.storyboard; sourceTree = "<group>"; };
		C482F536190E16DB00C206CB /* InMemoryStoreTest.xcdatamodel */ = {isa = PBXFileReference; lastKnownFileType = wrapper.xcdatamodel; path = InMemoryStoreTest.xcdatamodel; sourceTree = "<group>"; };
		C482F538190E16DB00C206CB /* DSMasterViewController.h */ = {isa = PBXFileReference; lastKnownFileType = sourcecode.c.h; path = DSMasterViewController.h; sourceTree = "<group>"; };
		C482F539190E16DB00C206CB /* DSMasterViewController.m */ = {isa = PBXFileReference; lastKnownFileType = sourcecode.c.objc; path = DSMasterViewController.m; sourceTree = "<group>"; };
		C482F53B190E16DB00C206CB /* DSDetailViewController.h */ = {isa = PBXFileReference; lastKnownFileType = sourcecode.c.h; path = DSDetailViewController.h; sourceTree = "<group>"; };
		C482F53C190E16DB00C206CB /* DSDetailViewController.m */ = {isa = PBXFileReference; lastKnownFileType = sourcecode.c.objc; path = DSDetailViewController.m; sourceTree = "<group>"; };
		C482F53E190E16DB00C206CB /* Images.xcassets */ = {isa = PBXFileReference; lastKnownFileType = folder.assetcatalog; path = Images.xcassets; sourceTree = "<group>"; };
		C482F544190E16DB00C206CB /* InMemoryStoreTestTests.xctest */ = {isa = PBXFileReference; explicitFileType = wrapper.cfbundle; includeInIndex = 0; path = InMemoryStoreTestTests.xctest; sourceTree = BUILT_PRODUCTS_DIR; };
		C482F545190E16DB00C206CB /* XCTest.framework */ = {isa = PBXFileReference; lastKnownFileType = wrapper.framework; name = XCTest.framework; path = Library/Frameworks/XCTest.framework; sourceTree = DEVELOPER_DIR; };
		C482F54E190E16DB00C206CB /* InMemoryStoreTestTests-Info.plist */ = {isa = PBXFileReference; lastKnownFileType = text.plist.xml; path = "InMemoryStoreTestTests-Info.plist"; sourceTree = "<group>"; };
		C482F550190E16DB00C206CB /* en */ = {isa = PBXFileReference; lastKnownFileType = text.plist.strings; name = en; path = en.lproj/InfoPlist.strings; sourceTree = "<group>"; };
		C482F552190E16DB00C206CB /* InMemoryStoreTestTests.m */ = {isa = PBXFileReference; lastKnownFileType = sourcecode.c.objc; path = InMemoryStoreTestTests.m; sourceTree = "<group>"; };
/* End PBXFileReference section */

/* Begin PBXFrameworksBuildPhase section */
		C482F518190E16DB00C206CB /* Frameworks */ = {
			isa = PBXFrameworksBuildPhase;
			buildActionMask = 2147483647;
			files = (
				C482F521190E16DB00C206CB /* CoreGraphics.framework in Frameworks */,
				C482F525190E16DB00C206CB /* CoreData.framework in Frameworks */,
				C482F523190E16DB00C206CB /* UIKit.framework in Frameworks */,
				C482F51F190E16DB00C206CB /* Foundation.framework in Frameworks */,
			);
			runOnlyForDeploymentPostprocessing = 0;
		};
		C482F541190E16DB00C206CB /* Frameworks */ = {
			isa = PBXFrameworksBuildPhase;
			buildActionMask = 2147483647;
			files = (
				C482F546190E16DB00C206CB /* XCTest.framework in Frameworks */,
				C482F549190E16DB00C206CB /* CoreData.framework in Frameworks */,
				C482F548190E16DB00C206CB /* UIKit.framework in Frameworks */,
				C482F547190E16DB00C206CB /* Foundation.framework in Frameworks */,
			);
			runOnlyForDeploymentPostprocessing = 0;
		};
/* End PBXFrameworksBuildPhase section */

/* Begin PBXGroup section */
		C482F512190E16DB00C206CB = {
			isa = PBXGroup;
			children = (
				C482F526190E16DB00C206CB /* InMemoryStoreTest */,
				C482F54C190E16DB00C206CB /* InMemoryStoreTestTests */,
				C482F51D190E16DB00C206CB /* Frameworks */,
				C482F51C190E16DB00C206CB /* Products */,
			);
			sourceTree = "<group>";
		};
		C482F51C190E16DB00C206CB /* Products */ = {
			isa = PBXGroup;
			children = (
				C482F51B190E16DB00C206CB /* InMemoryStoreTest.app */,
				C482F544190E16DB00C206CB /* InMemoryStoreTestTests.xctest */,
			);
			name = Products;
			sourceTree = "<group>";
		};
		C482F51D190E16DB00C206CB /* Frameworks */ = {
			isa = PBXGroup;
			children = (
				C482F51E190E16DB00C206CB /* Foundation.framework */,
				C482F520190E16DB00C206CB /* CoreGraphics.framework */,
				C482F522190E16DB00C206CB /* UIKit.framework */,
				C482F524190E16DB00C206CB /* CoreData.framework */,
				C482F545190E16DB00C206CB /* XCTest.framework */,
			);
			name = Frameworks;
			sourceTree = "<group>";
		};
		C482F526190E16DB00C206CB /* InMemoryStoreTest */ = {
			isa = PBXGroup;
			children = (
				C482F52F190E16DB00C206CB /* DSAppDelegate.h */,
				C482F530190E16DB00C206CB /* DSAppDelegate.m */,
				C482F532190E16DB00C206CB /* Main.storyboard */,
				C482F538190E16DB00C206CB /* DSMasterViewController.h */,
				C482F539190E16DB00C206CB /* DSMasterViewController.m */,
				C482F53B190E16DB00C206CB /* DSDetailViewController.h */,
				C482F53C190E16DB00C206CB /* DSDetailViewController.m */,
				C482F53E190E16DB00C206CB /* Images.xcassets */,
				C482F535190E16DB00C206CB /* InMemoryStoreTest.xcdatamodeld */,
				C482F527190E16DB00C206CB /* Supporting Files */,
			);
			path = InMemoryStoreTest;
			sourceTree = "<group>";
		};
		C482F527190E16DB00C206CB /* Supporting Files */ = {
			isa = PBXGroup;
			children = (
				C482F528190E16DB00C206CB /* InMemoryStoreTest-Info.plist */,
				C482F529190E16DB00C206CB /* InfoPlist.strings */,
				C482F52C190E16DB00C206CB /* main.m */,
				C482F52E190E16DB00C206CB /* InMemoryStoreTest-Prefix.pch */,
			);
			name = "Supporting Files";
			sourceTree = "<group>";
		};
		C482F54C190E16DB00C206CB /* InMemoryStoreTestTests */ = {
			isa = PBXGroup;
			children = (
				C482F552190E16DB00C206CB /* InMemoryStoreTestTests.m */,
				C482F54D190E16DB00C206CB /* Supporting Files */,
			);
			path = InMemoryStoreTestTests;
			sourceTree = "<group>";
		};
		C482F54D190E16DB00C206CB /* Supporting Files */ = {
			isa = PBXGroup;
			children = (
				C482F54E190E16DB00C206CB /* InMemoryStoreTestTests-Info.plist */,
				C482F54F190E16DB00C206CB /* InfoPlist.strings */,
			);
			name = "Supporting Files";
			sourceTree = "<group>";
		};
/* End PBXGroup section */

/* Begin PBXNativeTarget section */
		C482F51A190E16DB00C206CB /* InMemoryStoreTest */ = {
			isa = PBXNativeTarget;
			buildConfigurationList = C482F556190E16DB00C206CB /* Build configuration list for PBXNativeTarget "InMemoryStoreTest" */;
			buildPhases = (
				C482F517190E16DB00C206CB /* Sources */,
				C482F518190E16DB00C206CB /* Frameworks */,
				C482F519190E16DB00C206CB /* Resources */,
			);
			buildRules = (
			);
			dependencies = (
			);
			name = InMemoryStoreTest;
			productName = InMemoryStoreTest;
			productReference = C482F51B190E16DB00C206CB /* InMemoryStoreTest.app */;
			productType = "com.apple.product-type.application";
		};
		C482F543190E16DB00C206CB /* InMemoryStoreTestTests */ = {
			isa = PBXNativeTarget;
			buildConfigurationList = C482F559190E16DB00C206CB /* Build configuration list for PBXNativeTarget "InMemoryStoreTestTests" */;
			buildPhases = (
				C482F540190E16DB00C206CB /* Sources */,
				C482F541190E16DB00C206CB /* Frameworks */,
				C482F542190E16DB00C206CB /* Resources */,
			);
			buildRules = (
			);
			dependencies = (
				C482F54B190E16DB00C206CB /* PBXTargetDependency */,
			);
			name = InMemoryStoreTestTests;
			productName = InMemoryStoreTestTests;
			productReference = C482F544190E16DB00C206CB /* InMemoryStoreTestTests.xctest */;
			productType = "com.apple.product-type.bundle.unit-test";
		};
/* End PBXNativeTarget section */

/* Begin PBXProject section */
		C482F513190E16DB00C206CB /* Project object */ = {
			isa = PBXProject;
			attributes = {
				CLASSPREFIX = DS;
				LastUpgradeCheck = 0510;
				ORGANIZATIONNAME = SO;
				TargetAttributes = {
					C482F543190E16DB00C206CB = {
						TestTargetID = C482F51A190E16DB00C206CB;
					};
				};
			};
			buildConfigurationList = C482F516190E16DB00C206CB /* Build configuration list for PBXProject "InMemoryStoreTest" */;
			compatibilityVersion = "Xcode 3.2";
			developmentRegion = English;
			hasScannedForEncodings = 0;
			knownRegions = (
				en,
				Base,
			);
			mainGroup = C482F512190E16DB00C206CB;
			productRefGroup = C482F51C190E16DB00C206CB /* Products */;
			projectDirPath = "";
			projectRoot = "";
			targets = (
				C482F51A190E16DB00C206CB /* InMemoryStoreTest */,
				C482F543190E16DB00C206CB /* InMemoryStoreTestTests */,
			);
		};
/* End PBXProject section */

/* Begin PBXResourcesBuildPhase section */
		C482F519190E16DB00C206CB /* Resources */ = {
			isa = PBXResourcesBuildPhase;
			buildActionMask = 2147483647;
			files = (
				C482F53F190E16DB00C206CB /* Images.xcassets in Resources */,
				C482F52B190E16DB00C206CB /* InfoPlist.strings in Resources */,
				C482F534190E16DB00C206CB /* Main.storyboard in Resources */,
			);
			runOnlyForDeploymentPostprocessing = 0;
		};
		C482F542190E16DB00C206CB /* Resources */ = {
			isa = PBXResourcesBuildPhase;
			buildActionMask = 2147483647;
			files = (
				C482F551190E16DB00C206CB /* InfoPlist.strings in Resources */,
			);
			runOnlyForDeploymentPostprocessing = 0;
		};
/* End PBXResourcesBuildPhase section */

/* Begin PBXSourcesBuildPhase section */
		C482F517190E16DB00C206CB /* Sources */ = {
			isa = PBXSourcesBuildPhase;
			buildActionMask = 2147483647;
			files = (
				C482F53D190E16DB00C206CB /* DSDetailViewController.m in Sources */,
				C482F52D190E16DB00C206CB /* main.m in Sources */,
				C482F53A190E16DB00C206CB /* DSMasterViewController.m in Sources */,
				C482F537190E16DB00C206CB /* InMemoryStoreTest.xcdatamodeld in Sources */,
				C482F531190E16DB00C206CB /* DSAppDelegate.m in Sources */,
			);
			runOnlyForDeploymentPostprocessing = 0;
		};
		C482F540190E16DB00C206CB /* Sources */ = {
			isa = PBXSourcesBuildPhase;
			buildActionMask = 2147483647;
			files = (
				C482F553190E16DB00C206CB /* InMemoryStoreTestTests.m in Sources */,
			);
			runOnlyForDeploymentPostprocessing = 0;
		};
/* End PBXSourcesBuildPhase section */

/* Begin PBXTargetDependency section */
		C482F54B190E16DB00C206CB /* PBXTargetDependency */ = {
			isa = PBXTargetDependency;
			target = C482F51A190E16DB00C206CB /* InMemoryStoreTest */;
			targetProxy = C482F54A190E16DB00C206CB /* PBXContainerItemProxy */;
		};
/* End PBXTargetDependency section */

/* Begin PBXVariantGroup section */
		C482F529190E16DB00C206CB /* InfoPlist.strings */ = {
			isa = PBXVariantGroup;
			children = (
				C482F52A190E16DB00C206CB /* en */,
			);
			name = InfoPlist.strings;
			sourceTree = "<group>";
		};
		C482F532190E16DB00C206CB /* Main.storyboard */ = {
			isa = PBXVariantGroup;
			children = (
				C482F533190E16DB00C206CB /* Base */,
			);
			name = Main.storyboard;
			sourceTree = "<group>";
		};
		C482F54F190E16DB00C206CB /* InfoPlist.strings */ = {
			isa = PBXVariantGroup;
			children = (
				C482F550190E16DB00C206CB /* en */,
			);
			name = InfoPlist.strings;
			sourceTree = "<group>";
		};
/* End PBXVariantGroup section */

/* Begin XCBuildConfiguration section */
		C482F554190E16DB00C206CB /* Debug */ = {
			isa = XCBuildConfiguration;
			buildSettings = {
				ALWAYS_SEARCH_USER_PATHS = NO;
				CLANG_CXX_LANGUAGE_STANDARD = "gnu++0x";
				CLANG_CXX_LIBRARY = "libc++";
				CLANG_ENABLE_MODULES = YES;
				CLANG_ENABLE_OBJC_ARC = YES;
				CLANG_WARN_BOOL_CONVERSION = YES;
				CLANG_WARN_CONSTANT_CONVERSION = YES;
				CLANG_WARN_DIRECT_OBJC_ISA_USAGE = YES_ERROR;
				CLANG_WARN_EMPTY_BODY = YES;
				CLANG_WARN_ENUM_CONVERSION = YES;
				CLANG_WARN_INT_CONVERSION = YES;
				CLANG_WARN_OBJC_ROOT_CLASS = YES_ERROR;
				CLANG_WARN__DUPLICATE_METHOD_MATCH = YES;
				"CODE_SIGN_IDENTITY[sdk=iphoneos*]" = "iPhone Developer";
				COPY_PHASE_STRIP = NO;
				GCC_C_LANGUAGE_STANDARD = gnu99;
				GCC_DYNAMIC_NO_PIC = NO;
				GCC_OPTIMIZATION_LEVEL = 0;
				GCC_PREPROCESSOR_DEFINITIONS = (
					"DEBUG=1",
					"$(inherited)",
				);
				GCC_SYMBOLS_PRIVATE_EXTERN = NO;
				GCC_WARN_64_TO_32_BIT_CONVERSION = YES;
				GCC_WARN_ABOUT_RETURN_TYPE = YES_ERROR;
				GCC_WARN_UNDECLARED_SELECTOR = YES;
				GCC_WARN_UNINITIALIZED_AUTOS = YES_AGGRESSIVE;
				GCC_WARN_UNUSED_FUNCTION = YES;
				GCC_WARN_UNUSED_VARIABLE = YES;
				IPHONEOS_DEPLOYMENT_TARGET = 7.1;
				ONLY_ACTIVE_ARCH = YES;
				SDKROOT = iphoneos;
				TARGETED_DEVICE_FAMILY = 2;
			};
			name = Debug;
		};
		C482F555190E16DB00C206CB /* Release */ = {
			isa = XCBuildConfiguration;
			buildSettings = {
				ALWAYS_SEARCH_USER_PATHS = NO;
				CLANG_CXX_LANGUAGE_STANDARD = "gnu++0x";
				CLANG_CXX_LIBRARY = "libc++";
				CLANG_ENABLE_MODULES = YES;
				CLANG_ENABLE_OBJC_ARC = YES;
				CLANG_WARN_BOOL_CONVERSION = YES;
				CLANG_WARN_CONSTANT_CONVERSION = YES;
				CLANG_WARN_DIRECT_OBJC_ISA_USAGE = YES_ERROR;
				CLANG_WARN_EMPTY_BODY = YES;
				CLANG_WARN_ENUM_CONVERSION = YES;
				CLANG_WARN_INT_CONVERSION = YES;
				CLANG_WARN_OBJC_ROOT_CLASS = YES_ERROR;
				CLANG_WARN__DUPLICATE_METHOD_MATCH = YES;
				"CODE_SIGN_IDENTITY[sdk=iphoneos*]" = "iPhone Developer";
				COPY_PHASE_STRIP = YES;
				ENABLE_NS_ASSERTIONS = NO;
				GCC_C_LANGUAGE_STANDARD = gnu99;
				GCC_WARN_64_TO_32_BIT_CONVERSION = YES;
				GCC_WARN_ABOUT_RETURN_TYPE = YES_ERROR;
				GCC_WARN_UNDECLARED_SELECTOR = YES;
				GCC_WARN_UNINITIALIZED_AUTOS = YES_AGGRESSIVE;
				GCC_WARN_UNUSED_FUNCTION = YES;
				GCC_WARN_UNUSED_VARIABLE = YES;
				IPHONEOS_DEPLOYMENT_TARGET = 7.1;
				SDKROOT = iphoneos;
				TARGETED_DEVICE_FAMILY = 2;
				VALIDATE_PRODUCT = YES;
			};
			name = Release;
		};
		C482F557190E16DB00C206CB /* Debug */ = {
			isa = XCBuildConfiguration;
			buildSettings = {
				ASSETCATALOG_COMPILER_APPICON_NAME = AppIcon;
				ASSETCATALOG_COMPILER_LAUNCHIMAGE_NAME = LaunchImage;
				GCC_PRECOMPILE_PREFIX_HEADER = YES;
				GCC_PREFIX_HEADER = "InMemoryStoreTest/InMemoryStoreTest-Prefix.pch";
				INFOPLIST_FILE = "InMemoryStoreTest/InMemoryStoreTest-Info.plist";
				PRODUCT_NAME = "$(TARGET_NAME)";
				WRAPPER_EXTENSION = app;
			};
			name = Debug;
		};
		C482F558190E16DB00C206CB /* Release */ = {
			isa = XCBuildConfiguration;
			buildSettings = {
				ASSETCATALOG_COMPILER_APPICON_NAME = AppIcon;
				ASSETCATALOG_COMPILER_LAUNCHIMAGE_NAME = LaunchImage;
				GCC_PRECOMPILE_PREFIX_HEADER = YES;
				GCC_PREFIX_HEADER = "InMemoryStoreTest/InMemoryStoreTest-Prefix.pch";
				INFOPLIST_FILE = "InMemoryStoreTest/InMemoryStoreTest-Info.plist";
				PRODUCT_NAME = "$(TARGET_NAME)";
				WRAPPER_EXTENSION = app;
			};
			name = Release;
		};
		C482F55A190E16DB00C206CB /* Debug */ = {
			isa = XCBuildConfiguration;
			buildSettings = {
				BUNDLE_LOADER = "$(BUILT_PRODUCTS_DIR)/InMemoryStoreTest.app/InMemoryStoreTest";
				FRAMEWORK_SEARCH_PATHS = (
					"$(SDKROOT)/Developer/Library/Frameworks",
					"$(inherited)",
					"$(DEVELOPER_FRAMEWORKS_DIR)",
				);
				GCC_PRECOMPILE_PREFIX_HEADER = YES;
				GCC_PREFIX_HEADER = "InMemoryStoreTest/InMemoryStoreTest-Prefix.pch";
				GCC_PREPROCESSOR_DEFINITIONS = (
					"DEBUG=1",
					"$(inherited)",
				);
				INFOPLIST_FILE = "InMemoryStoreTestTests/InMemoryStoreTestTests-Info.plist";
				PRODUCT_NAME = "$(TARGET_NAME)";
				TEST_HOST = "$(BUNDLE_LOADER)";
				WRAPPER_EXTENSION = xctest;
			};
			name = Debug;
		};
		C482F55B190E16DB00C206CB /* Release */ = {
			isa = XCBuildConfiguration;
			buildSettings = {
				BUNDLE_LOADER = "$(BUILT_PRODUCTS_DIR)/InMemoryStoreTest.app/InMemoryStoreTest";
				FRAMEWORK_SEARCH_PATHS = (
					"$(SDKROOT)/Developer/Library/Frameworks",
					"$(inherited)",
					"$(DEVELOPER_FRAMEWORKS_DIR)",
				);
				GCC_PRECOMPILE_PREFIX_HEADER = YES;
				GCC_PREFIX_HEADER = "InMemoryStoreTest/InMemoryStoreTest-Prefix.pch";
				INFOPLIST_FILE = "InMemoryStoreTestTests/InMemoryStoreTestTests-Info.plist";
				PRODUCT_NAME = "$(TARGET_NAME)";
				TEST_HOST = "$(BUNDLE_LOADER)";
				WRAPPER_EXTENSION = xctest;
			};
			name = Release;
		};
/* End XCBuildConfiguration section */

/* Begin XCConfigurationList section */
		C482F516190E16DB00C206CB /* Build configuration list for PBXProject "InMemoryStoreTest" */ = {
			isa = XCConfigurationList;
			buildConfigurations = (
				C482F554190E16DB00C206CB /* Debug */,
				C482F555190E16DB00C206CB /* Release */,
			);
			defaultConfigurationIsVisible = 0;
			defaultConfigurationName = Release;
		};
		C482F556190E16DB00C206CB /* Build configuration list for PBXNativeTarget "InMemoryStoreTest" */ = {
			isa = XCConfigurationList;
			buildConfigurations = (
				C482F557190E16DB00C206CB /* Debug */,
				C482F558190E16DB00C206CB /* Release */,
			);
			defaultConfigurationIsVisible = 0;
		};
		C482F559190E16DB00C206CB /* Build configuration list for PBXNativeTarget "InMemoryStoreTestTests" */ = {
			isa = XCConfigurationList;
			buildConfigurations = (
				C482F55A190E16DB00C206CB /* Debug */,
				C482F55B190E16DB00C206CB /* Release */,
			);
			defaultConfigurationIsVisible = 0;
		};
/* End XCConfigurationList section */

/* Begin XCVersionGroup section */
		C482F535190E16DB00C206CB /* InMemoryStoreTest.xcdatamodeld */ = {
			isa = XCVersionGroup;
			children = (
				C482F536190E16DB00C206CB /* InMemoryStoreTest.xcdatamodel */,
			);
			currentVersion = C482F536190E16DB00C206CB /* InMemoryStoreTest.xcdatamodel */;
			path = InMemoryStoreTest.xcdatamodeld;
			sourceTree = "<group>";
			versionGroupType = wrapper.xcdatamodel;
		};
/* End XCVersionGroup section */
	};
	rootObject = C482F513190E16DB00C206CB /* Project object */;
}
